
Microsoft Visual Studio Solution File, Format Version 12.00
# Visual Studio Version 17
VisualStudioVersion = 17.3.32825.248
MinimumVisualStudioVersion = 10.0.40219.1
Project("{FAE04EC0-301F-11D3-BF4B-00C04F79EFBC}") = "ExercicioProva1", "ExercicioProva1\ExercicioProva1.csproj", "{BB8A0A52-0FE6-4308-BF8B-EA064E90646D}"
EndProject
Project("{FAE04EC0-301F-11D3-BF4B-00C04F79EFBC}") = "ExercicioProva2", "ExercicioProva2\ExercicioProva2.csproj", "{EEEFC8B5-A216-4BE1-A88A-C3521E139D8F}"
EndProject
Global
	GlobalSection(SolutionConfigurationPlatforms) = preSolution
		Debug|Any CPU = Debug|Any CPU
		Release|Any CPU = Release|Any CPU
	EndGlobalSection
	GlobalSection(ProjectConfigurationPlatforms) = postSolution
		{BB8A0A52-0FE6-4308-BF8B-EA064E90646D}.Debug|Any CPU.ActiveCfg = Debug|Any CPU
		{BB8A0A52-0FE6-4308-BF8B-EA064E90646D}.Debug|Any CPU.Build.0 = Debug|Any CPU
		{BB8A0A52-0FE6-4308-BF8B-EA064E90646D}.Release|Any CPU.ActiveCfg = Release|Any CPU
		{BB8A0A52-0FE6-4308-BF8B-EA064E90646D}.Release|Any CPU.Build.0 = Release|Any CPU
		{EEEFC8B5-A216-4BE1-A88A-C3521E139D8F}.Debug|Any CPU.ActiveCfg = Debug|Any CPU
		{EEEFC8B5-A216-4BE1-A88A-C3521E139D8F}.Debug|Any CPU.Build.0 = Debug|Any CPU
		{EEEFC8B5-A216-4BE1-A88A-C3521E139D8F}.Release|Any CPU.ActiveCfg = Release|Any CPU
		{EEEFC8B5-A216-4BE1-A88A-C3521E139D8F}.Release|Any CPU.Build.0 = Release|Any CPU
	EndGlobalSection
	GlobalSection(SolutionProperties) = preSolution
		HideSolutionNode = FALSE
	EndGlobalSection
	GlobalSection(ExtensibilityGlobals) = postSolution
		SolutionGuid = {D15D7E28-32B6-4E21-AC8A-F5CD71870036}
	EndGlobalSection
EndGlobal
